
Microsoft Visual Studio Solution File, Format Version 12.00
# Visual Studio Version 17
VisualStudioVersion = 17.9.34723.18
MinimumVisualStudioVersion = 10.0.40219.1
Project("{BF933B66-30ED-4D91-8355-17FE7DCD01DD}") = "RadMenuLauncher", "RadMenuLauncher.vcxproj", "{BF933B66-30ED-4D91-8355-17FE7DCD01DD}"
EndProject
Global
	GlobalSection(SolutionConfigurationPlatforms) = preSolution
		Debug|x64 = Debug|x64
		Debug|x86 = Debug|x86
		Release|x64 = Release|x64
		Release|x86 = Release|x86
	EndGlobalSection
	GlobalSection(ProjectConfigurationPlatforms) = postSolution
		{BF933B66-30ED-4D91-8355-17FE7DCD01DD}.Debug|x64.ActiveCfg = Debug|x64
		{BF933B66-30ED-4D91-8355-17FE7DCD01DD}.Debug|x64.Build.0 = Debug|x64
		{BF933B66-30ED-4D91-8355-17FE7DCD01DD}.Debug|x86.ActiveCfg = Debug|Win32
		{BF933B66-30ED-4D91-8355-17FE7DCD01DD}.Debug|x86.Build.0 = Debug|Win32
		{BF933B66-30ED-4D91-8355-17FE7DCD01DD}.Release|x64.ActiveCfg = Release|x64
		{BF933B66-30ED-4D91-8355-17FE7DCD01DD}.Release|x64.Build.0 = Release|x64
		{BF933B66-30ED-4D91-8355-17FE7DCD01DD}.Release|x86.ActiveCfg = Release|Win32
		{BF933B66-30ED-4D91-8355-17FE7DCD01DD}.Release|x86.Build.0 = Release|Win32
	EndGlobalSection
	GlobalSection(SolutionProperties) = preSolution
		HideSolutionNode = FALSE
	EndGlobalSection
	GlobalSection(ExtensibilityGlobals) = postSolution
		SolutionGuid = {7C6F5441-C6B0-4917-8E5E-E2961F45EAFE}
	EndGlobalSection
EndGlobal
